// !$*UTF8*$!
{
	archiveVersion = 1;
	classes = {
	};
	objectVersion = 48;
	objects = {

/* Begin PBXBuildFile section */
		0178C55320C66E5F0006B5CE /* AppDelegate.swift in Sources */ = {isa = PBXBuildFile; fileRef = 0178C55220C66E5F0006B5CE /* AppDelegate.swift */; };
		0178C55520C66E5F0006B5CE /* ViewController.swift in Sources */ = {isa = PBXBuildFile; fileRef = 0178C55420C66E5F0006B5CE /* ViewController.swift */; };
		0178C55820C66E5F0006B5CE /* Main.storyboard in Resources */ = {isa = PBXBuildFile; fileRef = 0178C55620C66E5F0006B5CE /* Main.storyboard */; };
		0178C55A20C66E5F0006B5CE /* Assets.xcassets in Resources */ = {isa = PBXBuildFile; fileRef = 0178C55920C66E5F0006B5CE /* Assets.xcassets */; };
		0178C55D20C66E5F0006B5CE /* LaunchScreen.storyboard in Resources */ = {isa = PBXBuildFile; fileRef = 0178C55B20C66E5F0006B5CE /* LaunchScreen.storyboard */; };
		70C60D59EF330C3D33E85D7E /* Pods_DuoFanSDKDemoForSwift.framework in Frameworks */ = {isa = PBXBuildFile; fileRef = 61B9A596E6E596C36BB40592 /* Pods_DuoFanSDKDemoForSwift.framework */; };
/* End PBXBuildFile section */

/* Begin PBXFileReference section */
		0178C54F20C66E5F0006B5CE /* DuoFanSDKDemoForSwift.app */ = {isa = PBXFileReference; explicitFileType = wrapper.application; includeInIndex = 0; path = DuoFanSDKDemoForSwift.app; sourceTree = BUILT_PRODUCTS_DIR; };
		0178C55220C66E5F0006B5CE /* AppDelegate.swift */ = {isa = PBXFileReference; lastKnownFileType = sourcecode.swift; path = AppDelegate.swift; sourceTree = "<group>"; };
		0178C55420C66E5F0006B5CE /* ViewController.swift */ = {isa = PBXFileReference; lastKnownFileType = sourcecode.swift; path = ViewController.swift; sourceTree = "<group>"; };
		0178C55720C66E5F0006B5CE /* Base */ = {isa = PBXFileReference; lastKnownFileType = file.storyboard; name = Base; path = Base.lproj/Main.storyboard; sourceTree = "<group>"; };
		0178C55920C66E5F0006B5CE /* Assets.xcassets */ = {isa = PBXFileReference; lastKnownFileType = folder.assetcatalog; path = Assets.xcassets; sourceTree = "<group>"; };
		0178C55C20C66E5F0006B5CE /* Base */ = {isa = PBXFileReference; lastKnownFileType = file.storyboard; name = Base; path = Base.lproj/LaunchScreen.storyboard; sourceTree = "<group>"; };
		0178C55E20C66E5F0006B5CE /* Info.plist */ = {isa = PBXFileReference; lastKnownFileType = text.plist.xml; path = Info.plist; sourceTree = "<group>"; };
		0178C56420C66F6B0006B5CE /* DuoFanSDKDemoForSwift-Bridging-Header.h */ = {isa = PBXFileReference; lastKnownFileType = sourcecode.c.h; path = "DuoFanSDKDemoForSwift-Bridging-Header.h"; sourceTree = "<group>"; };
		206A2ECC6B4328D0B4879328 /* Pods-DuoFanSDKDemoForSwift.debug.xcconfig */ = {isa = PBXFileReference; includeInIndex = 1; lastKnownFileType = text.xcconfig; name = "Pods-DuoFanSDKDemoForSwift.debug.xcconfig"; path = "Pods/Target Support Files/Pods-DuoFanSDKDemoForSwift/Pods-DuoFanSDKDemoForSwift.debug.xcconfig"; sourceTree = "<group>"; };
		61B9A596E6E596C36BB40592 /* Pods_DuoFanSDKDemoForSwift.framework */ = {isa = PBXFileReference; explicitFileType = wrapper.framework; includeInIndex = 0; path = Pods_DuoFanSDKDemoForSwift.framework; sourceTree = BUILT_PRODUCTS_DIR; };
		8E46581B76533102ADAED79E /* Pods-DuoFanSDKDemoForSwift.release.xcconfig */ = {isa = PBXFileReference; includeInIndex = 1; lastKnownFileType = text.xcconfig; name = "Pods-DuoFanSDKDemoForSwift.release.xcconfig"; path = "Pods/Target Support Files/Pods-DuoFanSDKDemoForSwift/Pods-DuoFanSDKDemoForSwift.release.xcconfig"; sourceTree = "<group>"; };
/* End PBXFileReference section */

/* Begin PBXFrameworksBuildPhase section */
		0178C54C20C66E5F0006B5CE /* Frameworks */ = {
			isa = PBXFrameworksBuildPhase;
			buildActionMask = 2147483647;
			files = (
				70C60D59EF330C3D33E85D7E /* Pods_DuoFanSDKDemoForSwift.framework in Frameworks */,
			);
			runOnlyForDeploymentPostprocessing = 0;
		};
/* End PBXFrameworksBuildPhase section */

/* Begin PBXGroup section */
		0178C54620C66E5F0006B5CE = {
			isa = PBXGroup;
			children = (
				0178C55120C66E5F0006B5CE /* DuoFanSDKDemoForSwift */,
				0178C55020C66E5F0006B5CE /* Products */,
				72118730A3EB9793ED06AE02 /* Pods */,
				792CB95C524B292F10F678D4 /* Frameworks */,
				0178C56420C66F6B0006B5CE /* DuoFanSDKDemoForSwift-Bridging-Header.h */,
			);
			sourceTree = "<group>";
		};
		0178C55020C66E5F0006B5CE /* Products */ = {
			isa = PBXGroup;
			children = (
				0178C54F20C66E5F0006B5CE /* DuoFanSDKDemoForSwift.app */,
			);
			name = Products;
			sourceTree = "<group>";
		};
		0178C55120C66E5F0006B5CE /* DuoFanSDKDemoForSwift */ = {
			isa = PBXGroup;
			children = (
				0178C55220C66E5F0006B5CE /* AppDelegate.swift */,
				0178C55420C66E5F0006B5CE /* ViewController.swift */,
				0178C55620C66E5F0006B5CE /* Main.storyboard */,
				0178C55920C66E5F0006B5CE /* Assets.xcassets */,
				0178C55B20C66E5F0006B5CE /* LaunchScreen.storyboard */,
				0178C55E20C66E5F0006B5CE /* Info.plist */,
			);
			path = DuoFanSDKDemoForSwift;
			sourceTree = "<group>";
		};
		72118730A3EB9793ED06AE02 /* Pods */ = {
			isa = PBXGroup;
			children = (
				206A2ECC6B4328D0B4879328 /* Pods-DuoFanSDKDemoForSwift.debug.xcconfig */,
				8E46581B76533102ADAED79E /* Pods-DuoFanSDKDemoForSwift.release.xcconfig */,
			);
			name = Pods;
			sourceTree = "<group>";
		};
		792CB95C524B292F10F678D4 /* Frameworks */ = {
			isa = PBXGroup;
			children = (
				61B9A596E6E596C36BB40592 /* Pods_DuoFanSDKDemoForSwift.framework */,
			);
			name = Frameworks;
			sourceTree = "<group>";
		};
/* End PBXGroup section */

/* Begin PBXNativeTarget section */
		0178C54E20C66E5F0006B5CE /* DuoFanSDKDemoForSwift */ = {
			isa = PBXNativeTarget;
			buildConfigurationList = 0178C56120C66E5F0006B5CE /* Build configuration list for PBXNativeTarget "DuoFanSDKDemoForSwift" */;
			buildPhases = (
				DFD50CF0BCEFCFAF8087A034 /* [CP] Check Pods Manifest.lock */,
				0178C54B20C66E5F0006B5CE /* Sources */,
				0178C54C20C66E5F0006B5CE /* Frameworks */,
				0178C54D20C66E5F0006B5CE /* Resources */,
				DDCDEC1101063A71C0B8D03A /* [CP] Embed Pods Frameworks */,
				2C00E1D7C21CB2D4F85C9200 /* [CP] Copy Pods Resources */,
			);
			buildRules = (
			);
			dependencies = (
			);
			name = DuoFanSDKDemoForSwift;
			productName = DuoFanSDKDemoForSwift;
			productReference = 0178C54F20C66E5F0006B5CE /* DuoFanSDKDemoForSwift.app */;
			productType = "com.apple.product-type.application";
		};
/* End PBXNativeTarget section */

/* Begin PBXProject section */
		0178C54720C66E5F0006B5CE /* Project object */ = {
			isa = PBXProject;
			attributes = {
				LastSwiftUpdateCheck = 0920;
				LastUpgradeCheck = 0920;
				ORGANIZATIONNAME = DF;
				TargetAttributes = {
					0178C54E20C66E5F0006B5CE = {
						CreatedOnToolsVersion = 9.2;
						LastSwiftMigration = 0920;
						ProvisioningStyle = Automatic;
					};
				};
			};
			buildConfigurationList = 0178C54A20C66E5F0006B5CE /* Build configuration list for PBXProject "DuoFanSDKDemoForSwift" */;
			compatibilityVersion = "Xcode 8.0";
			developmentRegion = en;
			hasScannedForEncodings = 0;
			knownRegions = (
				en,
				Base,
			);
			mainGroup = 0178C54620C66E5F0006B5CE;
			productRefGroup = 0178C55020C66E5F0006B5CE /* Products */;
			projectDirPath = "";
			projectRoot = "";
			targets = (
				0178C54E20C66E5F0006B5CE /* DuoFanSDKDemoForSwift */,
			);
		};
/* End PBXProject section */

/* Begin PBXResourcesBuildPhase section */
		0178C54D20C66E5F0006B5CE /* Resources */ = {
			isa = PBXResourcesBuildPhase;
			buildActionMask = 2147483647;
			files = (
				0178C55D20C66E5F0006B5CE /* LaunchScreen.storyboard in Resources */,
				0178C55A20C66E5F0006B5CE /* Assets.xcassets in Resources */,
				0178C55820C66E5F0006B5CE /* Main.storyboard in Resources */,
			);
			runOnlyForDeploymentPostprocessing = 0;
		};
/* End PBXResourcesBuildPhase section */

/* Begin PBXShellScriptBuildPhase section */
		2C00E1D7C21CB2D4F85C9200 /* [CP] Copy Pods Resources */ = {
			isa = PBXShellScriptBuildPhase;
			buildActionMask = 2147483647;
			files = (
			);
			inputPaths = (
			);
			name = "[CP] Copy Pods Resources";
			outputPaths = (
			);
			runOnlyForDeploymentPostprocessing = 0;
			shellPath = /bin/sh;
			shellScript = "\"${SRCROOT}/Pods/Target Support Files/Pods-DuoFanSDKDemoForSwift/Pods-DuoFanSDKDemoForSwift-resources.sh\"\n";
			showEnvVarsInLog = 0;
		};
		DDCDEC1101063A71C0B8D03A /* [CP] Embed Pods Frameworks */ = {
			isa = PBXShellScriptBuildPhase;
			buildActionMask = 2147483647;
			files = (
			);
			inputPaths = (
			);
			name = "[CP] Embed Pods Frameworks";
			outputPaths = (
			);
			runOnlyForDeploymentPostprocessing = 0;
			shellPath = /bin/sh;
			shellScript = "\"${SRCROOT}/Pods/Target Support Files/Pods-DuoFanSDKDemoForSwift/Pods-DuoFanSDKDemoForSwift-frameworks.sh\"\n";
			showEnvVarsInLog = 0;
		};
		DFD50CF0BCEFCFAF8087A034 /* [CP] Check Pods Manifest.lock */ = {
			isa = PBXShellScriptBuildPhase;
			buildActionMask = 2147483647;
			files = (
			);
			inputPaths = (
			);
			name = "[CP] Check Pods Manifest.lock";
			outputPaths = (
			);
			runOnlyForDeploymentPostprocessing = 0;
			shellPath = /bin/sh;
			shellScript = "diff \"${PODS_PODFILE_DIR_PATH}/Podfile.lock\" \"${PODS_ROOT}/Manifest.lock\" > /dev/null\nif [ $? != 0 ] ; then\n    # print error to STDERR\n    echo \"error: The sandbox is not in sync with the Podfile.lock. Run 'pod install' or update your CocoaPods installation.\" >&2\n    exit 1\nfi\n";
			showEnvVarsInLog = 0;
		};
/* End PBXShellScriptBuildPhase section */

/* Begin PBXSourcesBuildPhase section */
		0178C54B20C66E5F0006B5CE /* Sources */ = {
			isa = PBXSourcesBuildPhase;
			buildActionMask = 2147483647;
			files = (
				0178C55520C66E5F0006B5CE /* ViewController.swift in Sources */,
				0178C55320C66E5F0006B5CE /* AppDelegate.swift in Sources */,
			);
			runOnlyForDeploymentPostprocessing = 0;
		};
/* End PBXSourcesBuildPhase section */

/* Begin PBXVariantGroup section */
		0178C55620C66E5F0006B5CE /* Main.storyboard */ = {
			isa = PBXVariantGroup;
			children = (
				0178C55720C66E5F0006B5CE /* Base */,
			);
			name = Main.storyboard;
			sourceTree = "<group>";
		};
		0178C55B20C66E5F0006B5CE /* LaunchScreen.storyboard */ = {
			isa = PBXVariantGroup;
			children = (
				0178C55C20C66E5F0006B5CE /* Base */,
			);
			name = LaunchScreen.storyboard;
			sourceTree = "<group>";
		};
/* End PBXVariantGroup section */

/* Begin XCBuildConfiguration section */
		0178C55F20C66E5F0006B5CE /* Debug */ = {
			isa = XCBuildConfiguration;
			buildSettings = {
				ALWAYS_SEARCH_USER_PATHS = NO;
				CLANG_ANALYZER_NONNULL = YES;
				CLANG_ANALYZER_NUMBER_OBJECT_CONVERSION = YES_AGGRESSIVE;
				CLANG_CXX_LANGUAGE_STANDARD = "gnu++14";
				CLANG_CXX_LIBRARY = "libc++";
				CLANG_ENABLE_MODULES = YES;
				CLANG_ENABLE_OBJC_ARC = YES;
				CLANG_WARN_BLOCK_CAPTURE_AUTORELEASING = YES;
				CLANG_WARN_BOOL_CONVERSION = YES;
				CLANG_WARN_COMMA = YES;
				CLANG_WARN_CONSTANT_CONVERSION = YES;
				CLANG_WARN_DIRECT_OBJC_ISA_USAGE = YES_ERROR;
				CLANG_WARN_DOCUMENTATION_COMMENTS = YES;
				CLANG_WARN_EMPTY_BODY = YES;
				CLANG_WARN_ENUM_CONVERSION = YES;
				CLANG_WARN_INFINITE_RECURSION = YES;
				CLANG_WARN_INT_CONVERSION = YES;
				CLANG_WARN_NON_LITERAL_NULL_CONVERSION = YES;
				CLANG_WARN_OBJC_LITERAL_CONVERSION = YES;
				CLANG_WARN_OBJC_ROOT_CLASS = YES_ERROR;
				CLANG_WARN_RANGE_LOOP_ANALYSIS = YES;
				CLANG_WARN_STRICT_PROTOTYPES = YES;
				CLANG_WARN_SUSPICIOUS_MOVE = YES;
				CLANG_WARN_UNGUARDED_AVAILABILITY = YES_AGGRESSIVE;
				CLANG_WARN_UNREACHABLE_CODE = YES;
				CLANG_WARN__DUPLICATE_METHOD_MATCH = YES;
				CODE_SIGN_IDENTITY = "iPhone Developer";
				COPY_PHASE_STRIP = NO;
				DEBUG_INFORMATION_FORMAT = dwarf;
				ENABLE_STRICT_OBJC_MSGSEND = YES;
				ENABLE_TESTABILITY = YES;
				GCC_C_LANGUAGE_STANDARD = gnu11;
				GCC_DYNAMIC_NO_PIC = NO;
				GCC_NO_COMMON_BLOCKS = YES;
				GCC_OPTIMIZATION_LEVEL = 0;
				GCC_PREPROCESSOR_DEFINITIONS = (
					"DEBUG=1",
					"$(inherited)",
				);
				GCC_WARN_64_TO_32_BIT_CONVERSION = YES;
				GCC_WARN_ABOUT_RETURN_TYPE = YES_ERROR;
				GCC_WARN_UNDECLARED_SELECTOR = YES;
				GCC_WARN_UNINITIALIZED_AUTOS = YES_AGGRESSIVE;
				GCC_WARN_UNUSED_FUNCTION = YES;
				GCC_WARN_UNUSED_VARIABLE = YES;
				IPHONEOS_DEPLOYMENT_TARGET = 11.2;
				MTL_ENABLE_DEBUG_INFO = YES;
				ONLY_ACTIVE_ARCH = YES;
				SDKROOT = iphoneos;
				SWIFT_ACTIVE_COMPILATION_CONDITIONS = DEBUG;
				SWIFT_OPTIMIZATION_LEVEL = "-Onone";
			};
			name = Debug;
		};
		0178C56020C66E5F0006B5CE /* Release */ = {
			isa = XCBuildConfiguration;
			buildSettings = {
				ALWAYS_SEARCH_USER_PATHS = NO;
				CLANG_ANALYZER_NONNULL = YES;
				CLANG_ANALYZER_NUMBER_OBJECT_CONVERSION = YES_AGGRESSIVE;
				CLANG_CXX_LANGUAGE_STANDARD = "gnu++14";
				CLANG_CXX_LIBRARY = "libc++";
				CLANG_ENABLE_MODULES = YES;
				CLANG_ENABLE_OBJC_ARC = YES;
				CLANG_WARN_BLOCK_CAPTURE_AUTORELEASING = YES;
				CLANG_WARN_BOOL_CONVERSION = YES;
				CLANG_WARN_COMMA = YES;
				CLANG_WARN_CONSTANT_CONVERSION = YES;
				CLANG_WARN_DIRECT_OBJC_ISA_USAGE = YES_ERROR;
				CLANG_WARN_DOCUMENTATION_COMMENTS = YES;
				CLANG_WARN_EMPTY_BODY = YES;
				CLANG_WARN_ENUM_CONVERSION = YES;
				CLANG_WARN_INFINITE_RECURSION = YES;
				CLANG_WARN_INT_CONVERSION = YES;
				CLANG_WARN_NON_LITERAL_NULL_CONVERSION = YES;
				CLANG_WARN_OBJC_LITERAL_CONVERSION = YES;
				CLANG_WARN_OBJC_ROOT_CLASS = YES_ERROR;
				CLANG_WARN_RANGE_LOOP_ANALYSIS = YES;
				CLANG_WARN_STRICT_PROTOTYPES = YES;
				CLANG_WARN_SUSPICIOUS_MOVE = YES;
				CLANG_WARN_UNGUARDED_AVAILABILITY = YES_AGGRESSIVE;
				CLANG_WARN_UNREACHABLE_CODE = YES;
				CLANG_WARN__DUPLICATE_METHOD_MATCH = YES;
				CODE_SIGN_IDENTITY = "iPhone Developer";
				COPY_PHASE_STRIP = NO;
				DEBUG_INFORMATION_FORMAT = "dwarf-with-dsym";
				ENABLE_NS_ASSERTIONS = NO;
				ENABLE_STRICT_OBJC_MSGSEND = YES;
				GCC_C_LANGUAGE_STANDARD = gnu11;
				GCC_NO_COMMON_BLOCKS = YES;
				GCC_WARN_64_TO_32_BIT_CONVERSION = YES;
				GCC_WARN_ABOUT_RETURN_TYPE = YES_ERROR;
				GCC_WARN_UNDECLARED_SELECTOR = YES;
				GCC_WARN_UNINITIALIZED_AUTOS = YES_AGGRESSIVE;
				GCC_WARN_UNUSED_FUNCTION = YES;
				GCC_WARN_UNUSED_VARIABLE = YES;
				IPHONEOS_DEPLOYMENT_TARGET = 11.2;
				MTL_ENABLE_DEBUG_INFO = NO;
				SDKROOT = iphoneos;
				SWIFT_OPTIMIZATION_LEVEL = "-Owholemodule";
				VALIDATE_PRODUCT = YES;
			};
			name = Release;
		};
		0178C56220C66E5F0006B5CE /* Debug */ = {
			isa = XCBuildConfiguration;
			baseConfigurationReference = 206A2ECC6B4328D0B4879328 /* Pods-DuoFanSDKDemoForSwift.debug.xcconfig */;
			buildSettings = {
				ASSETCATALOG_COMPILER_APPICON_NAME = AppIcon;
				CLANG_ENABLE_MODULES = YES;
				CODE_SIGN_STYLE = Automatic;
				DEVELOPMENT_TEAM = K296D4K5Z7;
				INFOPLIST_FILE = DuoFanSDKDemoForSwift/Info.plist;
				LD_RUNPATH_SEARCH_PATHS = "$(inherited) @executable_path/Frameworks";
				PRODUCT_BUNDLE_IDENTIFIER = com.df.mobileads.DuoFanSDKDemoForSwift;
				PRODUCT_NAME = "$(TARGET_NAME)";
				SWIFT_OBJC_BRIDGING_HEADER = "DuoFanSDKDemoForSwift-Bridging-Header.h";
				SWIFT_OPTIMIZATION_LEVEL = "-Onone";
				SWIFT_VERSION = 4.0;
				TARGETED_DEVICE_FAMILY = "1,2";
			};
			name = Debug;
		};
		0178C56320C66E5F0006B5CE /* Release */ = {
			isa = XCBuildConfiguration;
			baseConfigurationReference = 8E46581B76533102ADAED79E /* Pods-DuoFanSDKDemoForSwift.release.xcconfig */;
			buildSettings = {
				ASSETCATALOG_COMPILER_APPICON_NAME = AppIcon;
				CLANG_ENABLE_MODULES = YES;
				CODE_SIGN_STYLE = Automatic;
				DEVELOPMENT_TEAM = K296D4K5Z7;
				INFOPLIST_FILE = DuoFanSDKDemoForSwift/Info.plist;
				LD_RUNPATH_SEARCH_PATHS = "$(inherited) @executable_path/Frameworks";
				PRODUCT_BUNDLE_IDENTIFIER = com.df.mobileads.DuoFanSDKDemoForSwift;
				PRODUCT_NAME = "$(TARGET_NAME)";
				SWIFT_OBJC_BRIDGING_HEADER = "DuoFanSDKDemoForSwift-Bridging-Header.h";
				SWIFT_VERSION = 4.0;
				TARGETED_DEVICE_FAMILY = "1,2";
			};
			name = Release;
		};
/* End XCBuildConfiguration section */

/* Begin XCConfigurationList section */
		0178C54A20C66E5F0006B5CE /* Build configuration list for PBXProject "DuoFanSDKDemoForSwift" */ = {
			isa = XCConfigurationList;
			buildConfigurations = (
				0178C55F20C66E5F0006B5CE /* Debug */,
				0178C56020C66E5F0006B5CE /* Release */,
			);
			defaultConfigurationIsVisible = 0;
			defaultConfigurationName = Release;
		};
		0178C56120C66E5F0006B5CE /* Build configuration list for PBXNativeTarget "DuoFanSDKDemoForSwift" */ = {
			isa = XCConfigurationList;
			buildConfigurations = (
				0178C56220C66E5F0006B5CE /* Debug */,
				0178C56320C66E5F0006B5CE /* Release */,
			);
			defaultConfigurationIsVisible = 0;
			defaultConfigurationName = Release;
		};
/* End XCConfigurationList section */
	};
	rootObject = 0178C54720C66E5F0006B5CE /* Project object */;
}
